
Microsoft Visual Studio Solution File, Format Version 12.00
# Visual Studio Version 16
VisualStudioVersion = 16.0.32802.440
MinimumVisualStudioVersion = 10.0.40219.1
Project("{FAE04EC0-301F-11D3-BF4B-00C04F79EFBC}") = "Sdl.Tridion.Api.Client.Tests", "..\src\Sdl.Tridion.Api.Client.Tests\Sdl.Tridion.Api.Client.Tests.csproj", "{28B0C39E-749E-4AED-87D6-84A78783D47F}"
EndProject
Global
	GlobalSection(SolutionConfigurationPlatforms) = preSolution
		Debug|Any CPU = Debug|Any CPU
		Release|Any CPU = Release|Any CPU
	EndGlobalSection
	GlobalSection(ProjectConfigurationPlatforms) = postSolution
		{28B0C39E-749E-4AED-87D6-84A78783D47F}.Debug|Any CPU.ActiveCfg = Debug|Any CPU
		{28B0C39E-749E-4AED-87D6-84A78783D47F}.Debug|Any CPU.Build.0 = Debug|Any CPU
		{28B0C39E-749E-4AED-87D6-84A78783D47F}.Release|Any CPU.ActiveCfg = Release|Any CPU
		{28B0C39E-749E-4AED-87D6-84A78783D47F}.Release|Any CPU.Build.0 = Release|Any CPU
	EndGlobalSection
	GlobalSection(SolutionProperties) = preSolution
		HideSolutionNode = FALSE
	EndGlobalSection
	GlobalSection(ExtensibilityGlobals) = postSolution
		SolutionGuid = {A8491C8F-ADA3-4779-B46F-044B6BAB646D}
	EndGlobalSection
EndGlobal
